
Microsoft Visual Studio Solution File, Format Version 12.00
# Visual Studio Version 16
VisualStudioVersion = 16.0.30114.105
MinimumVisualStudioVersion = 10.0.40219.1
Project("{2150E333-8FDC-42A3-9474-1A3956D46DE8}") = "Structural", "Structural", "{A107E860-749E-4F1F-AA2D-550D61AB8EAC}"
EndProject
Project("{2150E333-8FDC-42A3-9474-1A3956D46DE8}") = "Creational", "Creational", "{99B61136-A1D6-4D8F-A1A2-54AA61697A84}"
EndProject
Project("{2150E333-8FDC-42A3-9474-1A3956D46DE8}") = "Behavioral", "Behavioral", "{7743F29A-AB8B-4706-90A0-54FA463865BD}"
EndProject
Project("{FAE04EC0-301F-11D3-BF4B-00C04F79EFBC}") = "AbstractFactory", "creational-patterns\AbstractFactory\AbstractFactory.csproj", "{16B3AEE7-CB39-4123-860C-44C6563957F6}"
EndProject
Project("{FAE04EC0-301F-11D3-BF4B-00C04F79EFBC}") = "Builder", "creational-patterns\Builder\Builder.csproj", "{07D55849-1C5A-4BDC-9B3E-AF9FBEF9AE25}"
EndProject
Project("{FAE04EC0-301F-11D3-BF4B-00C04F79EFBC}") = "FactoryMethod", "creational-patterns\FactoryMethod\FactoryMethod.csproj", "{7961F096-12B8-4EED-ACEA-028D77861FC9}"
EndProject
Project("{FAE04EC0-301F-11D3-BF4B-00C04F79EFBC}") = "ObjectPool", "creational-patterns\ObjectPool\ObjectPool.csproj", "{A6027AD7-2573-43DA-87FC-41D7B44B3FD1}"
EndProject
Project("{FAE04EC0-301F-11D3-BF4B-00C04F79EFBC}") = "Prototype", "creational-patterns\Prototype\Prototype.csproj", "{73FE4EB5-8AA3-4221-9809-65B99CF696C1}"
EndProject
Project("{FAE04EC0-301F-11D3-BF4B-00C04F79EFBC}") = "Singleton", "creational-patterns\Singleton\Singleton.csproj", "{B1FA9E11-BDD6-4891-B45F-C0CF57F84922}"
EndProject
Project("{FAE04EC0-301F-11D3-BF4B-00C04F79EFBC}") = "ChainOfResponsibility", "behevioral-patterns\ChainOfResponsibility\ChainOfResponsibility.csproj", "{8E4DC264-E710-4646-9545-7653B3F64E23}"
EndProject
Project("{FAE04EC0-301F-11D3-BF4B-00C04F79EFBC}") = "Command", "behevioral-patterns\Command\Command.csproj", "{1915E34D-9E78-41C4-9969-DB32AABD3A17}"
EndProject
Project("{FAE04EC0-301F-11D3-BF4B-00C04F79EFBC}") = "Interpreter", "behevioral-patterns\Interpreter\Interpreter.csproj", "{AB65157C-95F3-4E4F-9419-A28346258424}"
EndProject
Project("{FAE04EC0-301F-11D3-BF4B-00C04F79EFBC}") = "Iterator", "behevioral-patterns\Iterator\Iterator.csproj", "{A854BEA4-6EA2-4A76-A4E2-02F11703F722}"
EndProject
Project("{FAE04EC0-301F-11D3-BF4B-00C04F79EFBC}") = "Mediator", "behevioral-patterns\Mediator\Mediator.csproj", "{71586B67-165B-4523-A021-7FF53FD54AFD}"
EndProject
Project("{FAE04EC0-301F-11D3-BF4B-00C04F79EFBC}") = "Memento", "behevioral-patterns\Memento\Memento.csproj", "{547BA893-437B-4A65-82E3-24A628B3AEC7}"
EndProject
Project("{FAE04EC0-301F-11D3-BF4B-00C04F79EFBC}") = "NullObject", "behevioral-patterns\NullObject\NullObject.csproj", "{A08D7EB6-4330-4B4B-8405-4687AACD02DF}"
EndProject
Project("{FAE04EC0-301F-11D3-BF4B-00C04F79EFBC}") = "Observer", "behevioral-patterns\Observer\Observer.csproj", "{6959681B-FA59-4472-B4BC-EF2B6B052404}"
EndProject
Project("{FAE04EC0-301F-11D3-BF4B-00C04F79EFBC}") = "State", "behevioral-patterns\State\State.csproj", "{3A8C26AC-29E0-44AB-B4FA-E5BE2868968A}"
EndProject
Project("{FAE04EC0-301F-11D3-BF4B-00C04F79EFBC}") = "TemplateMethod", "behevioral-patterns\TemplateMethod\TemplateMethod.csproj", "{9416B376-707B-4663-B5BC-D203DC48B2CB}"
EndProject
Project("{FAE04EC0-301F-11D3-BF4B-00C04F79EFBC}") = "Visitor", "behevioral-patterns\Visitor\Visitor.csproj", "{E6B665D2-5AD6-4D78-A954-83BCEC371E42}"
EndProject
Project("{FAE04EC0-301F-11D3-BF4B-00C04F79EFBC}") = "Strategy", "behevioral-patterns\Strategy\Strategy.csproj", "{970958D3-75FD-4F11-88EE-5C5BC22737B4}"
EndProject
Project("{FAE04EC0-301F-11D3-BF4B-00C04F79EFBC}") = "Adapter", "structural-patterns\Adapter\Adapter.csproj", "{C81E468E-3060-4A6B-BB50-1C9A2CEBC92A}"
EndProject
Project("{FAE04EC0-301F-11D3-BF4B-00C04F79EFBC}") = "Bridge", "structural-patterns\Bridge\Bridge.csproj", "{8669B0BC-CFB4-44EE-AAF6-FE7F2E6CC1EF}"
EndProject
Project("{FAE04EC0-301F-11D3-BF4B-00C04F79EFBC}") = "Composite", "structural-patterns\Composite\Composite.csproj", "{11FA5BFC-65A2-408A-BCB9-6F54B4FF15BD}"
EndProject
Project("{FAE04EC0-301F-11D3-BF4B-00C04F79EFBC}") = "Decorator", "structural-patterns\Decorator\Decorator.csproj", "{E175B28E-355E-4BAB-B0FF-4DBFC38CBBCB}"
EndProject
Project("{FAE04EC0-301F-11D3-BF4B-00C04F79EFBC}") = "Facade", "structural-patterns\Facade\Facade.csproj", "{3AA23874-BF57-4357-A9E7-03A6B384B318}"
EndProject
Project("{FAE04EC0-301F-11D3-BF4B-00C04F79EFBC}") = "Flyweight", "structural-patterns\Flyweight\Flyweight.csproj", "{4161C622-B4BB-4434-8FCF-C68A7E8D4D92}"
EndProject
Project("{FAE04EC0-301F-11D3-BF4B-00C04F79EFBC}") = "PrivateClassData", "structural-patterns\PrivateClassData\PrivateClassData.csproj", "{7442B060-6BD9-4E13-8089-3D80F91112AD}"
EndProject
Project("{FAE04EC0-301F-11D3-BF4B-00C04F79EFBC}") = "Proxy", "structural-patterns\Proxy\Proxy.csproj", "{6E443C76-96DB-47EB-8AFE-B81EEC0C4F24}"
EndProject
Global
	GlobalSection(SolutionConfigurationPlatforms) = preSolution
		Debug|Any CPU = Debug|Any CPU
		Release|Any CPU = Release|Any CPU
	EndGlobalSection
	GlobalSection(SolutionProperties) = preSolution
		HideSolutionNode = FALSE
	EndGlobalSection
	GlobalSection(NestedProjects) = preSolution
		{16B3AEE7-CB39-4123-860C-44C6563957F6} = {99B61136-A1D6-4D8F-A1A2-54AA61697A84}
		{07D55849-1C5A-4BDC-9B3E-AF9FBEF9AE25} = {99B61136-A1D6-4D8F-A1A2-54AA61697A84}
		{7961F096-12B8-4EED-ACEA-028D77861FC9} = {99B61136-A1D6-4D8F-A1A2-54AA61697A84}
		{A6027AD7-2573-43DA-87FC-41D7B44B3FD1} = {99B61136-A1D6-4D8F-A1A2-54AA61697A84}
		{73FE4EB5-8AA3-4221-9809-65B99CF696C1} = {99B61136-A1D6-4D8F-A1A2-54AA61697A84}
		{B1FA9E11-BDD6-4891-B45F-C0CF57F84922} = {99B61136-A1D6-4D8F-A1A2-54AA61697A84}
		{8E4DC264-E710-4646-9545-7653B3F64E23} = {7743F29A-AB8B-4706-90A0-54FA463865BD}
		{1915E34D-9E78-41C4-9969-DB32AABD3A17} = {7743F29A-AB8B-4706-90A0-54FA463865BD}
		{AB65157C-95F3-4E4F-9419-A28346258424} = {7743F29A-AB8B-4706-90A0-54FA463865BD}
		{A854BEA4-6EA2-4A76-A4E2-02F11703F722} = {7743F29A-AB8B-4706-90A0-54FA463865BD}
		{71586B67-165B-4523-A021-7FF53FD54AFD} = {7743F29A-AB8B-4706-90A0-54FA463865BD}
		{547BA893-437B-4A65-82E3-24A628B3AEC7} = {7743F29A-AB8B-4706-90A0-54FA463865BD}
		{A08D7EB6-4330-4B4B-8405-4687AACD02DF} = {7743F29A-AB8B-4706-90A0-54FA463865BD}
		{6959681B-FA59-4472-B4BC-EF2B6B052404} = {7743F29A-AB8B-4706-90A0-54FA463865BD}
		{3A8C26AC-29E0-44AB-B4FA-E5BE2868968A} = {7743F29A-AB8B-4706-90A0-54FA463865BD}
		{9416B376-707B-4663-B5BC-D203DC48B2CB} = {7743F29A-AB8B-4706-90A0-54FA463865BD}
		{E6B665D2-5AD6-4D78-A954-83BCEC371E42} = {7743F29A-AB8B-4706-90A0-54FA463865BD}
		{970958D3-75FD-4F11-88EE-5C5BC22737B4} = {7743F29A-AB8B-4706-90A0-54FA463865BD}
		{C81E468E-3060-4A6B-BB50-1C9A2CEBC92A} = {A107E860-749E-4F1F-AA2D-550D61AB8EAC}
		{8669B0BC-CFB4-44EE-AAF6-FE7F2E6CC1EF} = {A107E860-749E-4F1F-AA2D-550D61AB8EAC}
		{11FA5BFC-65A2-408A-BCB9-6F54B4FF15BD} = {A107E860-749E-4F1F-AA2D-550D61AB8EAC}
		{E175B28E-355E-4BAB-B0FF-4DBFC38CBBCB} = {A107E860-749E-4F1F-AA2D-550D61AB8EAC}
		{3AA23874-BF57-4357-A9E7-03A6B384B318} = {A107E860-749E-4F1F-AA2D-550D61AB8EAC}
		{4161C622-B4BB-4434-8FCF-C68A7E8D4D92} = {A107E860-749E-4F1F-AA2D-550D61AB8EAC}
		{7442B060-6BD9-4E13-8089-3D80F91112AD} = {A107E860-749E-4F1F-AA2D-550D61AB8EAC}
		{6E443C76-96DB-47EB-8AFE-B81EEC0C4F24} = {A107E860-749E-4F1F-AA2D-550D61AB8EAC}
	EndGlobalSection
	GlobalSection(ProjectConfigurationPlatforms) = postSolution
		{16B3AEE7-CB39-4123-860C-44C6563957F6}.Debug|Any CPU.ActiveCfg = Debug|Any CPU
		{16B3AEE7-CB39-4123-860C-44C6563957F6}.Debug|Any CPU.Build.0 = Debug|Any CPU
		{16B3AEE7-CB39-4123-860C-44C6563957F6}.Release|Any CPU.ActiveCfg = Release|Any CPU
		{16B3AEE7-CB39-4123-860C-44C6563957F6}.Release|Any CPU.Build.0 = Release|Any CPU
		{07D55849-1C5A-4BDC-9B3E-AF9FBEF9AE25}.Debug|Any CPU.ActiveCfg = Debug|Any CPU
		{07D55849-1C5A-4BDC-9B3E-AF9FBEF9AE25}.Debug|Any CPU.Build.0 = Debug|Any CPU
		{07D55849-1C5A-4BDC-9B3E-AF9FBEF9AE25}.Release|Any CPU.ActiveCfg = Release|Any CPU
		{07D55849-1C5A-4BDC-9B3E-AF9FBEF9AE25}.Release|Any CPU.Build.0 = Release|Any CPU
		{7961F096-12B8-4EED-ACEA-028D77861FC9}.Debug|Any CPU.ActiveCfg = Debug|Any CPU
		{7961F096-12B8-4EED-ACEA-028D77861FC9}.Debug|Any CPU.Build.0 = Debug|Any CPU
		{7961F096-12B8-4EED-ACEA-028D77861FC9}.Release|Any CPU.ActiveCfg = Release|Any CPU
		{7961F096-12B8-4EED-ACEA-028D77861FC9}.Release|Any CPU.Build.0 = Release|Any CPU
		{A6027AD7-2573-43DA-87FC-41D7B44B3FD1}.Debug|Any CPU.ActiveCfg = Debug|Any CPU
		{A6027AD7-2573-43DA-87FC-41D7B44B3FD1}.Debug|Any CPU.Build.0 = Debug|Any CPU
		{A6027AD7-2573-43DA-87FC-41D7B44B3FD1}.Release|Any CPU.ActiveCfg = Release|Any CPU
		{A6027AD7-2573-43DA-87FC-41D7B44B3FD1}.Release|Any CPU.Build.0 = Release|Any CPU
		{73FE4EB5-8AA3-4221-9809-65B99CF696C1}.Debug|Any CPU.ActiveCfg = Debug|Any CPU
		{73FE4EB5-8AA3-4221-9809-65B99CF696C1}.Debug|Any CPU.Build.0 = Debug|Any CPU
		{73FE4EB5-8AA3-4221-9809-65B99CF696C1}.Release|Any CPU.ActiveCfg = Release|Any CPU
		{73FE4EB5-8AA3-4221-9809-65B99CF696C1}.Release|Any CPU.Build.0 = Release|Any CPU
		{B1FA9E11-BDD6-4891-B45F-C0CF57F84922}.Debug|Any CPU.ActiveCfg = Debug|Any CPU
		{B1FA9E11-BDD6-4891-B45F-C0CF57F84922}.Debug|Any CPU.Build.0 = Debug|Any CPU
		{B1FA9E11-BDD6-4891-B45F-C0CF57F84922}.Release|Any CPU.ActiveCfg = Release|Any CPU
		{B1FA9E11-BDD6-4891-B45F-C0CF57F84922}.Release|Any CPU.Build.0 = Release|Any CPU
		{8E4DC264-E710-4646-9545-7653B3F64E23}.Debug|Any CPU.ActiveCfg = Debug|Any CPU
		{8E4DC264-E710-4646-9545-7653B3F64E23}.Debug|Any CPU.Build.0 = Debug|Any CPU
		{8E4DC264-E710-4646-9545-7653B3F64E23}.Release|Any CPU.ActiveCfg = Release|Any CPU
		{8E4DC264-E710-4646-9545-7653B3F64E23}.Release|Any CPU.Build.0 = Release|Any CPU
		{1915E34D-9E78-41C4-9969-DB32AABD3A17}.Debug|Any CPU.ActiveCfg = Debug|Any CPU
		{1915E34D-9E78-41C4-9969-DB32AABD3A17}.Debug|Any CPU.Build.0 = Debug|Any CPU
		{1915E34D-9E78-41C4-9969-DB32AABD3A17}.Release|Any CPU.ActiveCfg = Release|Any CPU
		{1915E34D-9E78-41C4-9969-DB32AABD3A17}.Release|Any CPU.Build.0 = Release|Any CPU
		{AB65157C-95F3-4E4F-9419-A28346258424}.Debug|Any CPU.ActiveCfg = Debug|Any CPU
		{AB65157C-95F3-4E4F-9419-A28346258424}.Debug|Any CPU.Build.0 = Debug|Any CPU
		{AB65157C-95F3-4E4F-9419-A28346258424}.Release|Any CPU.ActiveCfg = Release|Any CPU
		{AB65157C-95F3-4E4F-9419-A28346258424}.Release|Any CPU.Build.0 = Release|Any CPU
		{A854BEA4-6EA2-4A76-A4E2-02F11703F722}.Debug|Any CPU.ActiveCfg = Debug|Any CPU
		{A854BEA4-6EA2-4A76-A4E2-02F11703F722}.Debug|Any CPU.Build.0 = Debug|Any CPU
		{A854BEA4-6EA2-4A76-A4E2-02F11703F722}.Release|Any CPU.ActiveCfg = Release|Any CPU
		{A854BEA4-6EA2-4A76-A4E2-02F11703F722}.Release|Any CPU.Build.0 = Release|Any CPU
		{71586B67-165B-4523-A021-7FF53FD54AFD}.Debug|Any CPU.ActiveCfg = Debug|Any CPU
		{71586B67-165B-4523-A021-7FF53FD54AFD}.Debug|Any CPU.Build.0 = Debug|Any CPU
		{71586B67-165B-4523-A021-7FF53FD54AFD}.Release|Any CPU.ActiveCfg = Release|Any CPU
		{71586B67-165B-4523-A021-7FF53FD54AFD}.Release|Any CPU.Build.0 = Release|Any CPU
		{547BA893-437B-4A65-82E3-24A628B3AEC7}.Debug|Any CPU.ActiveCfg = Debug|Any CPU
		{547BA893-437B-4A65-82E3-24A628B3AEC7}.Debug|Any CPU.Build.0 = Debug|Any CPU
		{547BA893-437B-4A65-82E3-24A628B3AEC7}.Release|Any CPU.ActiveCfg = Release|Any CPU
		{547BA893-437B-4A65-82E3-24A628B3AEC7}.Release|Any CPU.Build.0 = Release|Any CPU
		{A08D7EB6-4330-4B4B-8405-4687AACD02DF}.Debug|Any CPU.ActiveCfg = Debug|Any CPU
		{A08D7EB6-4330-4B4B-8405-4687AACD02DF}.Debug|Any CPU.Build.0 = Debug|Any CPU
		{A08D7EB6-4330-4B4B-8405-4687AACD02DF}.Release|Any CPU.ActiveCfg = Release|Any CPU
		{A08D7EB6-4330-4B4B-8405-4687AACD02DF}.Release|Any CPU.Build.0 = Release|Any CPU
		{6959681B-FA59-4472-B4BC-EF2B6B052404}.Debug|Any CPU.ActiveCfg = Debug|Any CPU
		{6959681B-FA59-4472-B4BC-EF2B6B052404}.Debug|Any CPU.Build.0 = Debug|Any CPU
		{6959681B-FA59-4472-B4BC-EF2B6B052404}.Release|Any CPU.ActiveCfg = Release|Any CPU
		{6959681B-FA59-4472-B4BC-EF2B6B052404}.Release|Any CPU.Build.0 = Release|Any CPU
		{3A8C26AC-29E0-44AB-B4FA-E5BE2868968A}.Debug|Any CPU.ActiveCfg = Debug|Any CPU
		{3A8C26AC-29E0-44AB-B4FA-E5BE2868968A}.Debug|Any CPU.Build.0 = Debug|Any CPU
		{3A8C26AC-29E0-44AB-B4FA-E5BE2868968A}.Release|Any CPU.ActiveCfg = Release|Any CPU
		{3A8C26AC-29E0-44AB-B4FA-E5BE2868968A}.Release|Any CPU.Build.0 = Release|Any CPU
		{9416B376-707B-4663-B5BC-D203DC48B2CB}.Debug|Any CPU.ActiveCfg = Debug|Any CPU
		{9416B376-707B-4663-B5BC-D203DC48B2CB}.Debug|Any CPU.Build.0 = Debug|Any CPU
		{9416B376-707B-4663-B5BC-D203DC48B2CB}.Release|Any CPU.ActiveCfg = Release|Any CPU
		{9416B376-707B-4663-B5BC-D203DC48B2CB}.Release|Any CPU.Build.0 = Release|Any CPU
		{E6B665D2-5AD6-4D78-A954-83BCEC371E42}.Debug|Any CPU.ActiveCfg = Debug|Any CPU
		{E6B665D2-5AD6-4D78-A954-83BCEC371E42}.Debug|Any CPU.Build.0 = Debug|Any CPU
		{E6B665D2-5AD6-4D78-A954-83BCEC371E42}.Release|Any CPU.ActiveCfg = Release|Any CPU
		{E6B665D2-5AD6-4D78-A954-83BCEC371E42}.Release|Any CPU.Build.0 = Release|Any CPU
		{970958D3-75FD-4F11-88EE-5C5BC22737B4}.Debug|Any CPU.ActiveCfg = Debug|Any CPU
		{970958D3-75FD-4F11-88EE-5C5BC22737B4}.Debug|Any CPU.Build.0 = Debug|Any CPU
		{970958D3-75FD-4F11-88EE-5C5BC22737B4}.Release|Any CPU.ActiveCfg = Release|Any CPU
		{970958D3-75FD-4F11-88EE-5C5BC22737B4}.Release|Any CPU.Build.0 = Release|Any CPU
		{C81E468E-3060-4A6B-BB50-1C9A2CEBC92A}.Debug|Any CPU.ActiveCfg = Debug|Any CPU
		{C81E468E-3060-4A6B-BB50-1C9A2CEBC92A}.Debug|Any CPU.Build.0 = Debug|Any CPU
		{C81E468E-3060-4A6B-BB50-1C9A2CEBC92A}.Release|Any CPU.ActiveCfg = Release|Any CPU
		{C81E468E-3060-4A6B-BB50-1C9A2CEBC92A}.Release|Any CPU.Build.0 = Release|Any CPU
		{8669B0BC-CFB4-44EE-AAF6-FE7F2E6CC1EF}.Debug|Any CPU.ActiveCfg = Debug|Any CPU
		{8669B0BC-CFB4-44EE-AAF6-FE7F2E6CC1EF}.Debug|Any CPU.Build.0 = Debug|Any CPU
		{8669B0BC-CFB4-44EE-AAF6-FE7F2E6CC1EF}.Release|Any CPU.ActiveCfg = Release|Any CPU
		{8669B0BC-CFB4-44EE-AAF6-FE7F2E6CC1EF}.Release|Any CPU.Build.0 = Release|Any CPU
		{11FA5BFC-65A2-408A-BCB9-6F54B4FF15BD}.Debug|Any CPU.ActiveCfg = Debug|Any CPU
		{11FA5BFC-65A2-408A-BCB9-6F54B4FF15BD}.Debug|Any CPU.Build.0 = Debug|Any CPU
		{11FA5BFC-65A2-408A-BCB9-6F54B4FF15BD}.Release|Any CPU.ActiveCfg = Release|Any CPU
		{11FA5BFC-65A2-408A-BCB9-6F54B4FF15BD}.Release|Any CPU.Build.0 = Release|Any CPU
		{E175B28E-355E-4BAB-B0FF-4DBFC38CBBCB}.Debug|Any CPU.ActiveCfg = Debug|Any CPU
		{E175B28E-355E-4BAB-B0FF-4DBFC38CBBCB}.Debug|Any CPU.Build.0 = Debug|Any CPU
		{E175B28E-355E-4BAB-B0FF-4DBFC38CBBCB}.Release|Any CPU.ActiveCfg = Release|Any CPU
		{E175B28E-355E-4BAB-B0FF-4DBFC38CBBCB}.Release|Any CPU.Build.0 = Release|Any CPU
		{3AA23874-BF57-4357-A9E7-03A6B384B318}.Debug|Any CPU.ActiveCfg = Debug|Any CPU
		{3AA23874-BF57-4357-A9E7-03A6B384B318}.Debug|Any CPU.Build.0 = Debug|Any CPU
		{3AA23874-BF57-4357-A9E7-03A6B384B318}.Release|Any CPU.ActiveCfg = Release|Any CPU
		{3AA23874-BF57-4357-A9E7-03A6B384B318}.Release|Any CPU.Build.0 = Release|Any CPU
		{4161C622-B4BB-4434-8FCF-C68A7E8D4D92}.Debug|Any CPU.ActiveCfg = Debug|Any CPU
		{4161C622-B4BB-4434-8FCF-C68A7E8D4D92}.Debug|Any CPU.Build.0 = Debug|Any CPU
		{4161C622-B4BB-4434-8FCF-C68A7E8D4D92}.Release|Any CPU.ActiveCfg = Release|Any CPU
		{4161C622-B4BB-4434-8FCF-C68A7E8D4D92}.Release|Any CPU.Build.0 = Release|Any CPU
		{7442B060-6BD9-4E13-8089-3D80F91112AD}.Debug|Any CPU.ActiveCfg = Debug|Any CPU
		{7442B060-6BD9-4E13-8089-3D80F91112AD}.Debug|Any CPU.Build.0 = Debug|Any CPU
		{7442B060-6BD9-4E13-8089-3D80F91112AD}.Release|Any CPU.ActiveCfg = Release|Any CPU
		{7442B060-6BD9-4E13-8089-3D80F91112AD}.Release|Any CPU.Build.0 = Release|Any CPU
		{6E443C76-96DB-47EB-8AFE-B81EEC0C4F24}.Debug|Any CPU.ActiveCfg = Debug|Any CPU
		{6E443C76-96DB-47EB-8AFE-B81EEC0C4F24}.Debug|Any CPU.Build.0 = Debug|Any CPU
		{6E443C76-96DB-47EB-8AFE-B81EEC0C4F24}.Release|Any CPU.ActiveCfg = Release|Any CPU
		{6E443C76-96DB-47EB-8AFE-B81EEC0C4F24}.Release|Any CPU.Build.0 = Release|Any CPU
	EndGlobalSection
EndGlobal
